
Microsoft Visual Studio Solution File, Format Version 12.00
# Visual Studio Version 17
VisualStudioVersion = 17.0.31903.59
MinimumVisualStudioVersion = 10.0.40219.1
Project("{2150E333-8FDC-42A3-9474-1A3956D46DE8}") = "services", "services", "{DA21EB23-5B1B-499A-9922-C26C700CB4B5}"
EndProject
Project("{2150E333-8FDC-42A3-9474-1A3956D46DE8}") = "api-gateway", "api-gateway", "{53833A0D-D475-4749-A687-620A454A23D0}"
EndProject
Project("{FAE04EC0-301F-11D3-BF4B-00C04F79EFBC}") = "ApiGateway", "services\api-gateway\src\ApiGateway.csproj", "{D9327A5C-8A5E-46FF-A9C5-2E1E064342E2}"
EndProject
Project("{2150E333-8FDC-42A3-9474-1A3956D46DE8}") = "tests", "tests", "{881EEB8F-FCB0-4CF0-8015-57B8F8EB5F0C}"
EndProject
Project("{FAE04EC0-301F-11D3-BF4B-00C04F79EFBC}") = "ApiGateway.Tests", "services\api-gateway\tests\ApiGateway.Tests\ApiGateway.Tests.csproj", "{CC5BA9AD-0A3A-4212-A18B-5E5E0F68CFDE}"
EndProject
Project("{2150E333-8FDC-42A3-9474-1A3956D46DE8}") = "billing-service", "billing-service", "{8C19335F-F3A8-42A8-81A5-81C0DA8DF855}"
EndProject
Project("{FAE04EC0-301F-11D3-BF4B-00C04F79EFBC}") = "BillingService", "services\billing-service\src\BillingService.csproj", "{2C85832A-B5E9-4B83-BA22-6B79002E34D4}"
EndProject
Project("{2150E333-8FDC-42A3-9474-1A3956D46DE8}") = "tests", "tests", "{69E2ACE6-ED78-4A37-AD37-612DDE9A3587}"
EndProject
Project("{FAE04EC0-301F-11D3-BF4B-00C04F79EFBC}") = "BillingService.Tests", "services\billing-service\tests\BillingService.Tests\BillingService.Tests.csproj", "{065BEF4D-6216-4C9F-B663-0D6C2E3778C1}"
EndProject
Project("{2150E333-8FDC-42A3-9474-1A3956D46DE8}") = "identity-service", "identity-service", "{6529B647-CA4E-49EF-9601-87618ADFD9A0}"
EndProject
Project("{FAE04EC0-301F-11D3-BF4B-00C04F79EFBC}") = "IdentityService", "services\identity-service\src\IdentityService.csproj", "{E191EA0A-DABD-4516-BC41-83B07CE62DC4}"
EndProject
Project("{2150E333-8FDC-42A3-9474-1A3956D46DE8}") = "tests", "tests", "{14F05C21-3067-40DF-A562-6B88298C39AA}"
EndProject
Project("{FAE04EC0-301F-11D3-BF4B-00C04F79EFBC}") = "IdentityService.Tests", "services\identity-service\tests\IdentityService.Tests\IdentityService.Tests.csproj", "{A6752CA4-B132-4148-B0EB-0A6F3A00CF38}"
EndProject
Project("{2150E333-8FDC-42A3-9474-1A3956D46DE8}") = "travel-service", "travel-service", "{70E3F407-276A-4D87-AAAA-E1CE2363876B}"
EndProject
Project("{FAE04EC0-301F-11D3-BF4B-00C04F79EFBC}") = "TravelService", "services\travel-service\src\TravelService.csproj", "{CD9CC768-5EC4-4034-B87C-05B0FDA1A6DC}"
EndProject
Project("{2150E333-8FDC-42A3-9474-1A3956D46DE8}") = "tests", "tests", "{DE3BA140-8D3A-4BE2-B18D-301869D99F44}"
EndProject
Project("{FAE04EC0-301F-11D3-BF4B-00C04F79EFBC}") = "TravelService.Tests", "services\travel-service\tests\TravelService.Tests\TravelService.Tests.csproj", "{94E14648-5DDF-4940-9BDA-4F8F53F1827B}"
EndProject
Project("{2150E333-8FDC-42A3-9474-1A3956D46DE8}") = "communication-service", "communication-service", "{BAEB6228-9844-433B-9D07-9B93C61E3A90}"
EndProject
Project("{FAE04EC0-301F-11D3-BF4B-00C04F79EFBC}") = "CommunicationService", "services\communication-service\src\CommunicationService.csproj", "{A82359B9-4F71-4B10-B3B9-2DD35959AEA5}"
EndProject
Project("{2150E333-8FDC-42A3-9474-1A3956D46DE8}") = "tests", "tests", "{D3B46DBF-0280-4559-8348-D97E722E1361}"
EndProject
Project("{FAE04EC0-301F-11D3-BF4B-00C04F79EFBC}") = "CommunicationService.Tests", "services\communication-service\tests\CommunicationService.Tests\CommunicationService.Tests.csproj", "{1369175B-4BD6-4AD6-B108-EF29711C788C}"
EndProject
Project("{2150E333-8FDC-42A3-9474-1A3956D46DE8}") = "geo-leads-service", "geo-leads-service", "{5BC8B68C-0F8E-459A-9AB0-EE164D26AA3F}"
EndProject
Project("{FAE04EC0-301F-11D3-BF4B-00C04F79EFBC}") = "GeoLeadsService", "services\geo-leads-service\src\GeoLeadsService.csproj", "{B3D4C877-8E1D-4E19-98B0-05C6CDE7D691}"
EndProject
Project("{2150E333-8FDC-42A3-9474-1A3956D46DE8}") = "tests", "tests", "{FB2EAF2A-E4F2-4B79-BDF4-B8E35A58087F}"
EndProject
Project("{FAE04EC0-301F-11D3-BF4B-00C04F79EFBC}") = "GeoLeadsService.Tests", "services\geo-leads-service\tests\GeoLeadsService.Tests\GeoLeadsService.Tests.csproj", "{F34F2164-FE38-4B75-9CC5-B6CB17379429}"
EndProject
Global
	GlobalSection(SolutionConfigurationPlatforms) = preSolution
		Debug|Any CPU = Debug|Any CPU
		Release|Any CPU = Release|Any CPU
	EndGlobalSection
	GlobalSection(SolutionProperties) = preSolution
		HideSolutionNode = FALSE
	EndGlobalSection
	GlobalSection(ProjectConfigurationPlatforms) = postSolution
		{D9327A5C-8A5E-46FF-A9C5-2E1E064342E2}.Debug|Any CPU.ActiveCfg = Debug|Any CPU
		{D9327A5C-8A5E-46FF-A9C5-2E1E064342E2}.Debug|Any CPU.Build.0 = Debug|Any CPU
		{D9327A5C-8A5E-46FF-A9C5-2E1E064342E2}.Release|Any CPU.ActiveCfg = Release|Any CPU
		{D9327A5C-8A5E-46FF-A9C5-2E1E064342E2}.Release|Any CPU.Build.0 = Release|Any CPU
		{CC5BA9AD-0A3A-4212-A18B-5E5E0F68CFDE}.Debug|Any CPU.ActiveCfg = Debug|Any CPU
		{CC5BA9AD-0A3A-4212-A18B-5E5E0F68CFDE}.Debug|Any CPU.Build.0 = Debug|Any CPU
		{CC5BA9AD-0A3A-4212-A18B-5E5E0F68CFDE}.Release|Any CPU.ActiveCfg = Release|Any CPU
		{CC5BA9AD-0A3A-4212-A18B-5E5E0F68CFDE}.Release|Any CPU.Build.0 = Release|Any CPU
		{2C85832A-B5E9-4B83-BA22-6B79002E34D4}.Debug|Any CPU.ActiveCfg = Debug|Any CPU
		{2C85832A-B5E9-4B83-BA22-6B79002E34D4}.Debug|Any CPU.Build.0 = Debug|Any CPU
		{2C85832A-B5E9-4B83-BA22-6B79002E34D4}.Release|Any CPU.ActiveCfg = Release|Any CPU
		{2C85832A-B5E9-4B83-BA22-6B79002E34D4}.Release|Any CPU.Build.0 = Release|Any CPU
		{065BEF4D-6216-4C9F-B663-0D6C2E3778C1}.Debug|Any CPU.ActiveCfg = Debug|Any CPU
		{065BEF4D-6216-4C9F-B663-0D6C2E3778C1}.Debug|Any CPU.Build.0 = Debug|Any CPU
		{065BEF4D-6216-4C9F-B663-0D6C2E3778C1}.Release|Any CPU.ActiveCfg = Release|Any CPU
		{065BEF4D-6216-4C9F-B663-0D6C2E3778C1}.Release|Any CPU.Build.0 = Release|Any CPU
		{E191EA0A-DABD-4516-BC41-83B07CE62DC4}.Debug|Any CPU.ActiveCfg = Debug|Any CPU
		{E191EA0A-DABD-4516-BC41-83B07CE62DC4}.Debug|Any CPU.Build.0 = Debug|Any CPU
		{E191EA0A-DABD-4516-BC41-83B07CE62DC4}.Release|Any CPU.ActiveCfg = Release|Any CPU
		{E191EA0A-DABD-4516-BC41-83B07CE62DC4}.Release|Any CPU.Build.0 = Release|Any CPU
		{A6752CA4-B132-4148-B0EB-0A6F3A00CF38}.Debug|Any CPU.ActiveCfg = Debug|Any CPU
		{A6752CA4-B132-4148-B0EB-0A6F3A00CF38}.Debug|Any CPU.Build.0 = Debug|Any CPU
		{A6752CA4-B132-4148-B0EB-0A6F3A00CF38}.Release|Any CPU.ActiveCfg = Release|Any CPU
		{A6752CA4-B132-4148-B0EB-0A6F3A00CF38}.Release|Any CPU.Build.0 = Release|Any CPU
		{CD9CC768-5EC4-4034-B87C-05B0FDA1A6DC}.Debug|Any CPU.ActiveCfg = Debug|Any CPU
		{CD9CC768-5EC4-4034-B87C-05B0FDA1A6DC}.Debug|Any CPU.Build.0 = Debug|Any CPU
		{CD9CC768-5EC4-4034-B87C-05B0FDA1A6DC}.Release|Any CPU.ActiveCfg = Release|Any CPU
		{CD9CC768-5EC4-4034-B87C-05B0FDA1A6DC}.Release|Any CPU.Build.0 = Release|Any CPU
		{94E14648-5DDF-4940-9BDA-4F8F53F1827B}.Debug|Any CPU.ActiveCfg = Debug|Any CPU
		{94E14648-5DDF-4940-9BDA-4F8F53F1827B}.Debug|Any CPU.Build.0 = Debug|Any CPU
		{94E14648-5DDF-4940-9BDA-4F8F53F1827B}.Release|Any CPU.ActiveCfg = Release|Any CPU
		{94E14648-5DDF-4940-9BDA-4F8F53F1827B}.Release|Any CPU.Build.0 = Release|Any CPU
		{A82359B9-4F71-4B10-B3B9-2DD35959AEA5}.Debug|Any CPU.ActiveCfg = Debug|Any CPU
		{A82359B9-4F71-4B10-B3B9-2DD35959AEA5}.Debug|Any CPU.Build.0 = Debug|Any CPU
		{A82359B9-4F71-4B10-B3B9-2DD35959AEA5}.Release|Any CPU.ActiveCfg = Release|Any CPU
		{A82359B9-4F71-4B10-B3B9-2DD35959AEA5}.Release|Any CPU.Build.0 = Release|Any CPU
		{1369175B-4BD6-4AD6-B108-EF29711C788C}.Debug|Any CPU.ActiveCfg = Debug|Any CPU
		{1369175B-4BD6-4AD6-B108-EF29711C788C}.Debug|Any CPU.Build.0 = Debug|Any CPU
		{1369175B-4BD6-4AD6-B108-EF29711C788C}.Release|Any CPU.ActiveCfg = Release|Any CPU
		{1369175B-4BD6-4AD6-B108-EF29711C788C}.Release|Any CPU.Build.0 = Release|Any CPU
		{B3D4C877-8E1D-4E19-98B0-05C6CDE7D691}.Debug|Any CPU.ActiveCfg = Debug|Any CPU
		{B3D4C877-8E1D-4E19-98B0-05C6CDE7D691}.Debug|Any CPU.Build.0 = Debug|Any CPU
		{B3D4C877-8E1D-4E19-98B0-05C6CDE7D691}.Release|Any CPU.ActiveCfg = Release|Any CPU
		{B3D4C877-8E1D-4E19-98B0-05C6CDE7D691}.Release|Any CPU.Build.0 = Release|Any CPU
		{F34F2164-FE38-4B75-9CC5-B6CB17379429}.Debug|Any CPU.ActiveCfg = Debug|Any CPU
		{F34F2164-FE38-4B75-9CC5-B6CB17379429}.Debug|Any CPU.Build.0 = Debug|Any CPU
		{F34F2164-FE38-4B75-9CC5-B6CB17379429}.Release|Any CPU.ActiveCfg = Release|Any CPU
		{F34F2164-FE38-4B75-9CC5-B6CB17379429}.Release|Any CPU.Build.0 = Release|Any CPU
	EndGlobalSection
	GlobalSection(NestedProjects) = preSolution
		{53833A0D-D475-4749-A687-620A454A23D0} = {DA21EB23-5B1B-499A-9922-C26C700CB4B5}
		{D9327A5C-8A5E-46FF-A9C5-2E1E064342E2} = {53833A0D-D475-4749-A687-620A454A23D0}
		{881EEB8F-FCB0-4CF0-8015-57B8F8EB5F0C} = {53833A0D-D475-4749-A687-620A454A23D0}
		{CC5BA9AD-0A3A-4212-A18B-5E5E0F68CFDE} = {881EEB8F-FCB0-4CF0-8015-57B8F8EB5F0C}
		{8C19335F-F3A8-42A8-81A5-81C0DA8DF855} = {DA21EB23-5B1B-499A-9922-C26C700CB4B5}
		{2C85832A-B5E9-4B83-BA22-6B79002E34D4} = {8C19335F-F3A8-42A8-81A5-81C0DA8DF855}
		{69E2ACE6-ED78-4A37-AD37-612DDE9A3587} = {8C19335F-F3A8-42A8-81A5-81C0DA8DF855}
		{065BEF4D-6216-4C9F-B663-0D6C2E3778C1} = {69E2ACE6-ED78-4A37-AD37-612DDE9A3587}
		{6529B647-CA4E-49EF-9601-87618ADFD9A0} = {DA21EB23-5B1B-499A-9922-C26C700CB4B5}
		{E191EA0A-DABD-4516-BC41-83B07CE62DC4} = {6529B647-CA4E-49EF-9601-87618ADFD9A0}
		{14F05C21-3067-40DF-A562-6B88298C39AA} = {6529B647-CA4E-49EF-9601-87618ADFD9A0}
		{A6752CA4-B132-4148-B0EB-0A6F3A00CF38} = {14F05C21-3067-40DF-A562-6B88298C39AA}
		{70E3F407-276A-4D87-AAAA-E1CE2363876B} = {DA21EB23-5B1B-499A-9922-C26C700CB4B5}
		{CD9CC768-5EC4-4034-B87C-05B0FDA1A6DC} = {70E3F407-276A-4D87-AAAA-E1CE2363876B}
		{DE3BA140-8D3A-4BE2-B18D-301869D99F44} = {70E3F407-276A-4D87-AAAA-E1CE2363876B}
		{94E14648-5DDF-4940-9BDA-4F8F53F1827B} = {DE3BA140-8D3A-4BE2-B18D-301869D99F44}
		{BAEB6228-9844-433B-9D07-9B93C61E3A90} = {DA21EB23-5B1B-499A-9922-C26C700CB4B5}
		{A82359B9-4F71-4B10-B3B9-2DD35959AEA5} = {BAEB6228-9844-433B-9D07-9B93C61E3A90}
		{D3B46DBF-0280-4559-8348-D97E722E1361} = {BAEB6228-9844-433B-9D07-9B93C61E3A90}
		{1369175B-4BD6-4AD6-B108-EF29711C788C} = {D3B46DBF-0280-4559-8348-D97E722E1361}
		{5BC8B68C-0F8E-459A-9AB0-EE164D26AA3F} = {DA21EB23-5B1B-499A-9922-C26C700CB4B5}
		{B3D4C877-8E1D-4E19-98B0-05C6CDE7D691} = {5BC8B68C-0F8E-459A-9AB0-EE164D26AA3F}
		{FB2EAF2A-E4F2-4B79-BDF4-B8E35A58087F} = {5BC8B68C-0F8E-459A-9AB0-EE164D26AA3F}
		{F34F2164-FE38-4B75-9CC5-B6CB17379429} = {FB2EAF2A-E4F2-4B79-BDF4-B8E35A58087F}
	EndGlobalSection
EndGlobal
